# This file is automatically @generated by Cargo.
# It is not intended for manual editing.
version = 4

[[package]]
name = "fifth"
version = "0.1.0"

[[package]]
name = "first"
version = "0.1.0"

[[package]]
name = "fourth"
version = "0.1.0"

[[package]]
name = "from-morgane"
version = "0.1.0"

[[package]]
name = "second"
version = "0.1.0"

[[package]]
name = "third"
version = "0.1.0"

[[package]]
name = "working"
version = "0.1.0"
